
Microsoft Visual Studio Solution File, Format Version 12.00
# Visual Studio Version 16
VisualStudioVersion = 16.0.31313.79
MinimumVisualStudioVersion = 10.0.40219.1
Project("{FAE04EC0-301F-11D3-BF4B-00C04F79EFBC}") = "ProcessSystem", "src\gateways\ProcessSystem.Gateway\ProcessSystem.csproj", "{7EC69C1F-8879-4564-AE9D-B8A83ECFFC0B}"
EndProject
Global
	GlobalSection(SolutionConfigurationPlatforms) = preSolution
		Debug|Any CPU = Debug|Any CPU
		Release|Any CPU = Release|Any CPU
	EndGlobalSection
	GlobalSection(ProjectConfigurationPlatforms) = postSolution
		{7EC69C1F-8879-4564-AE9D-B8A83ECFFC0B}.Debug|Any CPU.ActiveCfg = Debug|Any CPU
		{7EC69C1F-8879-4564-AE9D-B8A83ECFFC0B}.Debug|Any CPU.Build.0 = Debug|Any CPU
		{7EC69C1F-8879-4564-AE9D-B8A83ECFFC0B}.Release|Any CPU.ActiveCfg = Release|Any CPU
		{7EC69C1F-8879-4564-AE9D-B8A83ECFFC0B}.Release|Any CPU.Build.0 = Release|Any CPU
	EndGlobalSection
	GlobalSection(SolutionProperties) = preSolution
		HideSolutionNode = FALSE
	EndGlobalSection
	GlobalSection(ExtensibilityGlobals) = postSolution
		SolutionGuid = {B1D421E5-82EA-493D-B5AD-A44D462EAB04}
	EndGlobalSection
EndGlobal
